// !$*UTF8*$!
{
	archiveVersion = 1;
	classes = {
	};
	objectVersion = 44;
	objects = {

/* Begin PBXBuildFile section */
		8D11072A0486CEB800E47090 /* MainMenu.nib in Resources */ = {isa = PBXBuildFile; fileRef = 29B97318FDCFA39411CA2CEA /* MainMenu.nib */; };
		8D11072B0486CEB800E47090 /* InfoPlist.strings in Resources */ = {isa = PBXBuildFile; fileRef = 089C165CFE840E0CC02AAC07 /* InfoPlist.strings */; };
		8D11072D0486CEB800E47090 /* main.m in Sources */ = {isa = PBXBuildFile; fileRef = 29B97316FDCFA39411CA2CEA /* main.m */; settings = {ATTRIBUTES = (); }; };
		8D11072F0486CEB800E47090 /* Cocoa.framework in Frameworks */ = {isa = PBXBuildFile; fileRef = 1058C7A1FEA54F0111CA2CBB /* Cocoa.framework */; };
		AE0012A312415E4F0049FD63 /* BWToolkitFramework.framework in Frameworks */ = {isa = PBXBuildFile; fileRef = AE0012A212415E4F0049FD63 /* BWToolkitFramework.framework */; };
		AE0012BB12415E6E0049FD63 /* BWToolkitFramework.framework in Copy Frameworks */ = {isa = PBXBuildFile; fileRef = AE0012A212415E4F0049FD63 /* BWToolkitFramework.framework */; };
		AE0B2B51129E11AF001C789C /* Hat.png in Resources */ = {isa = PBXBuildFile; fileRef = AE0B2B50129E11AF001C789C /* Hat.png */; };
		AE2A3B1E124182F5004B42CB /* Credits.html in Resources */ = {isa = PBXBuildFile; fileRef = AE2A3B1D124182F5004B42CB /* Credits.html */; };
		AE5C7E5B129B82560080F146 /* KBScroller.m in Sources */ = {isa = PBXBuildFile; fileRef = AE5C7E58129B82560080F146 /* KBScroller.m */; };
		AE5C7E5C129B82560080F146 /* KBScrollView.m in Sources */ = {isa = PBXBuildFile; fileRef = AE5C7E5A129B82560080F146 /* KBScrollView.m */; };
		AE5C7E7B129B83660080F146 /* KBSTextFieldCF.png in Resources */ = {isa = PBXBuildFile; fileRef = AE5C7E75129B83660080F146 /* KBSTextFieldCF.png */; };
		AE5C7E7C129B83660080F146 /* KBSTextFieldCF_disabled.png in Resources */ = {isa = PBXBuildFile; fileRef = AE5C7E76129B83660080F146 /* KBSTextFieldCF_disabled.png */; };
		AE5C7E7D129B83660080F146 /* KBSTextFieldLC.png in Resources */ = {isa = PBXBuildFile; fileRef = AE5C7E77129B83660080F146 /* KBSTextFieldLC.png */; };
		AE5C7E7E129B83660080F146 /* KBSTextFieldLC_disabled.png in Resources */ = {isa = PBXBuildFile; fileRef = AE5C7E78129B83660080F146 /* KBSTextFieldLC_disabled.png */; };
		AE5C7E7F129B83660080F146 /* KBSTextFieldRC.png in Resources */ = {isa = PBXBuildFile; fileRef = AE5C7E79129B83660080F146 /* KBSTextFieldRC.png */; };
		AE5C7E80129B83660080F146 /* KBSTextFieldRC_disabled.png in Resources */ = {isa = PBXBuildFile; fileRef = AE5C7E7A129B83660080F146 /* KBSTextFieldRC_disabled.png */; };
		AE5CFC431268F1F700C96195 /* RegexKitLite.m in Sources */ = {isa = PBXBuildFile; fileRef = AE5CFC421268F1F700C96195 /* RegexKitLite.m */; };
		AE6F6B3C12614EDB00FCAFCB /* Hostmasks.png in Resources */ = {isa = PBXBuildFile; fileRef = AE6F6B3912614EDB00FCAFCB /* Hostmasks.png */; };
		AE6F6B3D12614EDB00FCAFCB /* Preferences.png in Resources */ = {isa = PBXBuildFile; fileRef = AE6F6B3A12614EDB00FCAFCB /* Preferences.png */; };
		AE6F6B8312615BFF00FCAFCB /* User.png in Resources */ = {isa = PBXBuildFile; fileRef = AE6F6B8212615BFF00FCAFCB /* User.png */; };
		AE6F6B981261662100FCAFCB /* Scripts.png in Resources */ = {isa = PBXBuildFile; fileRef = AE6F6B971261662100FCAFCB /* Scripts.png */; };
		AE6F6F4012627FB800FCAFCB /* div.png in Resources */ = {isa = PBXBuildFile; fileRef = AE6F6F3F12627FB800FCAFCB /* div.png */; };
		AE8EBE7E12A0571F00CA3FCE /* License.rtf in Resources */ = {isa = PBXBuildFile; fileRef = AE8EBE7D12A0571F00CA3FCE /* License.rtf */; };
		AE9BAABE1329E2370099B4B9 /* KBLuaAction.m in Sources */ = {isa = PBXBuildFile; fileRef = AE9BAABD1329E2370099B4B9 /* KBLuaAction.m */; };
		AEAD7282124002C80028D5A3 /* UserDefaults.m in Sources */ = {isa = PBXBuildFile; fileRef = AEAD7280124002C80028D5A3 /* UserDefaults.m */; };
		AEAD7286124002D20028D5A3 /* AsyncSocket.m in Sources */ = {isa = PBXBuildFile; fileRef = AEAD7285124002D20028D5A3 /* AsyncSocket.m */; };
		AEAD728A124002F20028D5A3 /* AppIcon.icns in Resources */ = {isa = PBXBuildFile; fileRef = AEAD7288124002F20028D5A3 /* AppIcon.icns */; };
		AEAD737912401B3D0028D5A3 /* ircbot_bg.png in Resources */ = {isa = PBXBuildFile; fileRef = AEAD737812401B3D0028D5A3 /* ircbot_bg.png */; };
		AEB56C5812F76AE7006FEF77 /* IRCBot Actions in Resources */ = {isa = PBXBuildFile; fileRef = AEB56C5412F76AE7006FEF77 /* IRCBot Actions */; };
		AEBB006E123C31D100E6CC21 /* KBTextField.m in Sources */ = {isa = PBXBuildFile; fileRef = AEBB0069123C31D100E6CC21 /* KBTextField.m */; };
		AEBB006F123C31D100E6CC21 /* KBSTextFieldCell.m in Sources */ = {isa = PBXBuildFile; fileRef = AEBB006B123C31D100E6CC21 /* KBSTextFieldCell.m */; };
		AEBBFFF8123C044E00E6CC21 /* UIController.m in Sources */ = {isa = PBXBuildFile; fileRef = AEBBFFF5123C044E00E6CC21 /* UIController.m */; };
		AEBD9CD11329A132004E0E6B /* LuaCocoa.framework in Frameworks */ = {isa = PBXBuildFile; fileRef = AEBD9CD01329A132004E0E6B /* LuaCocoa.framework */; };
		AEE1A311132B0BEB00CFF24F /* LuaCocoa.framework in Copy Frameworks */ = {isa = PBXBuildFile; fileRef = AEBD9CD01329A132004E0E6B /* LuaCocoa.framework */; };
		AEE5E0A512408C08002D2767 /* EMKeychainItem.m in Sources */ = {isa = PBXBuildFile; fileRef = AEE5E0A412408C08002D2767 /* EMKeychainItem.m */; };
		AEE5E0AE12408D7A002D2767 /* Carbon.framework in Frameworks */ = {isa = PBXBuildFile; fileRef = AEE5E0AD12408D7A002D2767 /* Carbon.framework */; };
		AEE5E0C112408F27002D2767 /* Security.framework in Frameworks */ = {isa = PBXBuildFile; fileRef = AEE5E0C012408F27002D2767 /* Security.framework */; };
		AEEAEA5E12FD243400EA5D4A /* LuaController.m in Sources */ = {isa = PBXBuildFile; fileRef = AEEAEA5D12FD243400EA5D4A /* LuaController.m */; };
		AEF6005712A4783E00A95FA8 /* KBAutojoinData.m in Sources */ = {isa = PBXBuildFile; fileRef = AEF6005612A4783E00A95FA8 /* KBAutojoinData.m */; };
		AEF6021212A5B9B000A95FA8 /* Design.png in Resources */ = {isa = PBXBuildFile; fileRef = AEF6021112A5B9B000A95FA8 /* Design.png */; };
		AEF6032112A5DDB000A95FA8 /* KBLuaActionsData.m in Sources */ = {isa = PBXBuildFile; fileRef = AEF6031C12A5DDB000A95FA8 /* KBLuaActionsData.m */; };
		AEF6032212A5DDB000A95FA8 /* KBHostmasksData.m in Sources */ = {isa = PBXBuildFile; fileRef = AEF6031E12A5DDB000A95FA8 /* KBHostmasksData.m */; };
		AEF604F012A70A3800A95FA8 /* IRCRooms.m in Sources */ = {isa = PBXBuildFile; fileRef = AEF604EF12A70A3800A95FA8 /* IRCRooms.m */; };
		AEF6F79312A1903B00A95FA8 /* Code.png in Resources */ = {isa = PBXBuildFile; fileRef = AEF6F79212A1903B00A95FA8 /* Code.png */; };
		AEF6FCFB12A32DF300A95FA8 /* Status_Alert.png in Resources */ = {isa = PBXBuildFile; fileRef = AEF6FCF812A32DF300A95FA8 /* Status_Alert.png */; };
		AEF6FCFC12A32DF300A95FA8 /* Status_None.png in Resources */ = {isa = PBXBuildFile; fileRef = AEF6FCF912A32DF300A95FA8 /* Status_None.png */; };
		AEF6FCFD12A32DF300A95FA8 /* Status_Room.png in Resources */ = {isa = PBXBuildFile; fileRef = AEF6FCFA12A32DF300A95FA8 /* Status_Room.png */; };
		AEF6FEFB12A4657400A95FA8 /* IRCConnection.m in Sources */ = {isa = PBXBuildFile; fileRef = AEF6FEFA12A4657400A95FA8 /* IRCConnection.m */; };
		AEF6FF0012A4657C00A95FA8 /* MainController.m in Sources */ = {isa = PBXBuildFile; fileRef = AEF6FEFD12A4657C00A95FA8 /* MainController.m */; };
		AEF6FF0112A4657C00A95FA8 /* PrefController.m in Sources */ = {isa = PBXBuildFile; fileRef = AEF6FEFF12A4657C00A95FA8 /* PrefController.m */; };
		AEF6FF0D12A4661600A95FA8 /* IRCRoom.m in Sources */ = {isa = PBXBuildFile; fileRef = AEF6FF0C12A4661600A95FA8 /* IRCRoom.m */; };
/* End PBXBuildFile section */

/* Begin PBXCopyFilesBuildPhase section */
		AE31D29211DC0A4000EC8786 /* Copy Frameworks */ = {
			isa = PBXCopyFilesBuildPhase;
			buildActionMask = 2147483647;
			dstPath = "";
			dstSubfolderSpec = 10;
			files = (
				AEE1A311132B0BEB00CFF24F /* LuaCocoa.framework in Copy Frameworks */,
				AE0012BB12415E6E0049FD63 /* BWToolkitFramework.framework in Copy Frameworks */,
			);
			name = "Copy Frameworks";
			runOnlyForDeploymentPostprocessing = 0;
		};
/* End PBXCopyFilesBuildPhase section */

/* Begin PBXFileReference section */
		089C165DFE840E0CC02AAC07 /* English */ = {isa = PBXFileReference; fileEncoding = 10; lastKnownFileType = text.plist.strings; name = English; path = English.lproj/InfoPlist.strings; sourceTree = "<group>"; };
		1058C7A1FEA54F0111CA2CBB /* Cocoa.framework */ = {isa = PBXFileReference; lastKnownFileType = wrapper.framework; name = Cocoa.framework; path = /System/Library/Frameworks/Cocoa.framework; sourceTree = "<absolute>"; };
		13E42FB307B3F0F600E4EEF1 /* CoreData.framework */ = {isa = PBXFileReference; lastKnownFileType = wrapper.framework; name = CoreData.framework; path = /System/Library/Frameworks/CoreData.framework; sourceTree = "<absolute>"; };
		29B97316FDCFA39411CA2CEA /* main.m */ = {isa = PBXFileReference; fileEncoding = 4; lastKnownFileType = sourcecode.c.objc; path = main.m; sourceTree = "<group>"; };
		29B97319FDCFA39411CA2CEA /* English */ = {isa = PBXFileReference; lastKnownFileType = wrapper.nib; name = English; path = English.lproj/MainMenu.nib; sourceTree = "<group>"; };
		29B97324FDCFA39411CA2CEA /* AppKit.framework */ = {isa = PBXFileReference; lastKnownFileType = wrapper.framework; name = AppKit.framework; path = /System/Library/Frameworks/AppKit.framework; sourceTree = "<absolute>"; };
		29B97325FDCFA39411CA2CEA /* Foundation.framework */ = {isa = PBXFileReference; lastKnownFileType = wrapper.framework; name = Foundation.framework; path = /System/Library/Frameworks/Foundation.framework; sourceTree = "<absolute>"; };
		32CA4F630368D1EE00C91783 /* IRCBot_Prefix.pch */ = {isa = PBXFileReference; fileEncoding = 4; lastKnownFileType = sourcecode.c.h; path = IRCBot_Prefix.pch; sourceTree = "<group>"; };
		8D1107310486CEB800E47090 /* Info.plist */ = {isa = PBXFileReference; fileEncoding = 4; lastKnownFileType = text.plist.xml; path = Info.plist; sourceTree = "<group>"; };
		8D1107320486CEB800E47090 /* IRCBot.app */ = {isa = PBXFileReference; explicitFileType = wrapper.application; includeInIndex = 0; path = IRCBot.app; sourceTree = BUILT_PRODUCTS_DIR; };
		AE0012A212415E4F0049FD63 /* BWToolkitFramework.framework */ = {isa = PBXFileReference; lastKnownFileType = wrapper.framework; name = BWToolkitFramework.framework; path = Includes/BWToolkitFramework.framework; sourceTree = "<group>"; };
		AE0B2B50129E11AF001C789C /* Hat.png */ = {isa = PBXFileReference; lastKnownFileType = image.png; name = Hat.png; path = Images/Hat.png; sourceTree = "<group>"; };
		AE2A3B1D124182F5004B42CB /* Credits.html */ = {isa = PBXFileReference; fileEncoding = 4; lastKnownFileType = text.html; path = Credits.html; sourceTree = "<group>"; };
		AE45B16212A083E4008DD726 /* README.md */ = {isa = PBXFileReference; fileEncoding = 4; lastKnownFileType = text; path = README.md; sourceTree = "<group>"; };
		AE58546812FC8BD800B63ACD /* Todo.rtf */ = {isa = PBXFileReference; lastKnownFileType = text.rtf; path = Todo.rtf; sourceTree = "<group>"; };
		AE5C7E57129B82560080F146 /* KBScroller.h */ = {isa = PBXFileReference; fileEncoding = 4; lastKnownFileType = sourcecode.c.h; name = KBScroller.h; path = UI/KBScroller.h; sourceTree = "<group>"; };
		AE5C7E58129B82560080F146 /* KBScroller.m */ = {isa = PBXFileReference; fileEncoding = 4; lastKnownFileType = sourcecode.c.objc; name = KBScroller.m; path = UI/KBScroller.m; sourceTree = "<group>"; };
		AE5C7E59129B82560080F146 /* KBScrollView.h */ = {isa = PBXFileReference; fileEncoding = 4; lastKnownFileType = sourcecode.c.h; name = KBScrollView.h; path = UI/KBScrollView.h; sourceTree = "<group>"; };
		AE5C7E5A129B82560080F146 /* KBScrollView.m */ = {isa = PBXFileReference; fileEncoding = 4; lastKnownFileType = sourcecode.c.objc; name = KBScrollView.m; path = UI/KBScrollView.m; sourceTree = "<group>"; };
		AE5C7E75129B83660080F146 /* KBSTextFieldCF.png */ = {isa = PBXFileReference; lastKnownFileType = image.png; path = KBSTextFieldCF.png; sourceTree = "<group>"; };
		AE5C7E76129B83660080F146 /* KBSTextFieldCF_disabled.png */ = {isa = PBXFileReference; lastKnownFileType = image.png; path = KBSTextFieldCF_disabled.png; sourceTree = "<group>"; };
		AE5C7E77129B83660080F146 /* KBSTextFieldLC.png */ = {isa = PBXFileReference; lastKnownFileType = image.png; path = KBSTextFieldLC.png; sourceTree = "<group>"; };
		AE5C7E78129B83660080F146 /* KBSTextFieldLC_disabled.png */ = {isa = PBXFileReference; lastKnownFileType = image.png; path = KBSTextFieldLC_disabled.png; sourceTree = "<group>"; };
		AE5C7E79129B83660080F146 /* KBSTextFieldRC.png */ = {isa = PBXFileReference; lastKnownFileType = image.png; path = KBSTextFieldRC.png; sourceTree = "<group>"; };
		AE5C7E7A129B83660080F146 /* KBSTextFieldRC_disabled.png */ = {isa = PBXFileReference; lastKnownFileType = image.png; path = KBSTextFieldRC_disabled.png; sourceTree = "<group>"; };
		AE5CFC411268F1F700C96195 /* RegexKitLite.h */ = {isa = PBXFileReference; fileEncoding = 4; lastKnownFileType = sourcecode.c.h; path = RegexKitLite.h; sourceTree = "<group>"; };
		AE5CFC421268F1F700C96195 /* RegexKitLite.m */ = {isa = PBXFileReference; fileEncoding = 4; lastKnownFileType = sourcecode.c.objc; path = RegexKitLite.m; sourceTree = "<group>"; };
		AE6F6B3912614EDB00FCAFCB /* Hostmasks.png */ = {isa = PBXFileReference; lastKnownFileType = image.png; name = Hostmasks.png; path = Images/Hostmasks.png; sourceTree = "<group>"; };
		AE6F6B3A12614EDB00FCAFCB /* Preferences.png */ = {isa = PBXFileReference; lastKnownFileType = image.png; name = Preferences.png; path = Images/Preferences.png; sourceTree = "<group>"; };
		AE6F6B8212615BFF00FCAFCB /* User.png */ = {isa = PBXFileReference; lastKnownFileType = image.png; name = User.png; path = Images/User.png; sourceTree = "<group>"; };
		AE6F6B971261662100FCAFCB /* Scripts.png */ = {isa = PBXFileReference; lastKnownFileType = image.png; name = Scripts.png; path = Images/Scripts.png; sourceTree = "<group>"; };
		AE6F6F3F12627FB800FCAFCB /* div.png */ = {isa = PBXFileReference; lastKnownFileType = image.png; name = div.png; path = Images/div.png; sourceTree = "<group>"; };
		AE8EBE7D12A0571F00CA3FCE /* License.rtf */ = {isa = PBXFileReference; lastKnownFileType = text.rtf; path = License.rtf; sourceTree = "<group>"; };
		AE8EBE8012A0587800CA3FCE /* Notes.rtf */ = {isa = PBXFileReference; lastKnownFileType = text.rtf; path = Notes.rtf; sourceTree = "<group>"; };
		AE8EBE8112A0587800CA3FCE /* ServerOutput.rtf */ = {isa = PBXFileReference; lastKnownFileType = text.rtf; path = ServerOutput.rtf; sourceTree = "<group>"; };
		AE9BAABC1329E2370099B4B9 /* KBLuaAction.h */ = {isa = PBXFileReference; fileEncoding = 4; lastKnownFileType = sourcecode.c.h; name = KBLuaAction.h; path = Classes/Data/KBLuaAction.h; sourceTree = "<group>"; };
		AE9BAABD1329E2370099B4B9 /* KBLuaAction.m */ = {isa = PBXFileReference; fileEncoding = 4; lastKnownFileType = sourcecode.c.objc; name = KBLuaAction.m; path = Classes/Data/KBLuaAction.m; sourceTree = "<group>"; };
		AEAD727F124002C80028D5A3 /* UserDefaults.h */ = {isa = PBXFileReference; fileEncoding = 4; lastKnownFileType = sourcecode.c.h; name = UserDefaults.h; path = Classes/UserDefaults.h; sourceTree = "<group>"; };
		AEAD7280124002C80028D5A3 /* UserDefaults.m */ = {isa = PBXFileReference; fileEncoding = 4; lastKnownFileType = sourcecode.c.objc; name = UserDefaults.m; path = Classes/UserDefaults.m; sourceTree = "<group>"; };
		AEAD7284124002D20028D5A3 /* AsyncSocket.h */ = {isa = PBXFileReference; fileEncoding = 4; lastKnownFileType = sourcecode.c.h; path = AsyncSocket.h; sourceTree = "<group>"; };
		AEAD7285124002D20028D5A3 /* AsyncSocket.m */ = {isa = PBXFileReference; fileEncoding = 4; lastKnownFileType = sourcecode.c.objc; path = AsyncSocket.m; sourceTree = "<group>"; };
		AEAD7288124002F20028D5A3 /* AppIcon.icns */ = {isa = PBXFileReference; lastKnownFileType = image.icns; name = AppIcon.icns; path = Images/AppIcon.icns; sourceTree = "<group>"; };
		AEAD737812401B3D0028D5A3 /* ircbot_bg.png */ = {isa = PBXFileReference; lastKnownFileType = image.png; name = ircbot_bg.png; path = Images/ircbot_bg.png; sourceTree = "<group>"; };
		AEB56C5412F76AE7006FEF77 /* IRCBot Actions */ = {isa = PBXFileReference; lastKnownFileType = folder; path = "IRCBot Actions"; sourceTree = "<group>"; };
		AEBB0068123C31D100E6CC21 /* KBTextField.h */ = {isa = PBXFileReference; fileEncoding = 4; lastKnownFileType = sourcecode.c.h; name = KBTextField.h; path = UI/KBTextField.h; sourceTree = "<group>"; };
		AEBB0069123C31D100E6CC21 /* KBTextField.m */ = {isa = PBXFileReference; fileEncoding = 4; lastKnownFileType = sourcecode.c.objc; name = KBTextField.m; path = UI/KBTextField.m; sourceTree = "<group>"; };
		AEBB006A123C31D100E6CC21 /* KBSTextFieldCell.h */ = {isa = PBXFileReference; fileEncoding = 4; lastKnownFileType = sourcecode.c.h; name = KBSTextFieldCell.h; path = UI/KBSTextFieldCell.h; sourceTree = "<group>"; };
		AEBB006B123C31D100E6CC21 /* KBSTextFieldCell.m */ = {isa = PBXFileReference; fileEncoding = 4; lastKnownFileType = sourcecode.c.objc; name = KBSTextFieldCell.m; path = UI/KBSTextFieldCell.m; sourceTree = "<group>"; };
		AEBBFFF4123C044E00E6CC21 /* UIController.h */ = {isa = PBXFileReference; fileEncoding = 4; lastKnownFileType = sourcecode.c.h; name = UIController.h; path = UI/UIController.h; sourceTree = "<group>"; };
		AEBBFFF5123C044E00E6CC21 /* UIController.m */ = {isa = PBXFileReference; fileEncoding = 4; lastKnownFileType = sourcecode.c.objc; name = UIController.m; path = UI/UIController.m; sourceTree = "<group>"; };
		AEBD9CD01329A132004E0E6B /* LuaCocoa.framework */ = {isa = PBXFileReference; lastKnownFileType = wrapper.framework; name = LuaCocoa.framework; path = Includes/LuaCocoa.framework; sourceTree = "<group>"; };
		AEC6FFBF12FB52BF007214B6 /* Backup.rtf */ = {isa = PBXFileReference; lastKnownFileType = text.rtf; path = Backup.rtf; sourceTree = "<group>"; };
		AEE5E0A312408C08002D2767 /* EMKeychainItem.h */ = {isa = PBXFileReference; fileEncoding = 4; lastKnownFileType = sourcecode.c.h; path = EMKeychainItem.h; sourceTree = "<group>"; };
		AEE5E0A412408C08002D2767 /* EMKeychainItem.m */ = {isa = PBXFileReference; fileEncoding = 4; lastKnownFileType = sourcecode.c.objc; path = EMKeychainItem.m; sourceTree = "<group>"; };
		AEE5E0AD12408D7A002D2767 /* Carbon.framework */ = {isa = PBXFileReference; lastKnownFileType = wrapper.framework; name = Carbon.framework; path = /System/Library/Frameworks/Carbon.framework; sourceTree = "<absolute>"; };
		AEE5E0C012408F27002D2767 /* Security.framework */ = {isa = PBXFileReference; lastKnownFileType = wrapper.framework; name = Security.framework; path = /System/Library/Frameworks/Security.framework; sourceTree = "<absolute>"; };
		AEEAEA5C12FD243400EA5D4A /* LuaController.h */ = {isa = PBXFileReference; fileEncoding = 4; lastKnownFileType = sourcecode.c.h; name = LuaController.h; path = Classes/Controllers/LuaController.h; sourceTree = "<group>"; };
		AEEAEA5D12FD243400EA5D4A /* LuaController.m */ = {isa = PBXFileReference; fileEncoding = 4; lastKnownFileType = sourcecode.c.objc; name = LuaController.m; path = Classes/Controllers/LuaController.m; sourceTree = "<group>"; };
		AEF6005512A4783E00A95FA8 /* KBAutojoinData.h */ = {isa = PBXFileReference; fileEncoding = 4; lastKnownFileType = sourcecode.c.h; name = KBAutojoinData.h; path = Classes/Data/KBAutojoinData.h; sourceTree = "<group>"; };
		AEF6005612A4783E00A95FA8 /* KBAutojoinData.m */ = {isa = PBXFileReference; fileEncoding = 4; lastKnownFileType = sourcecode.c.objc; name = KBAutojoinData.m; path = Classes/Data/KBAutojoinData.m; sourceTree = "<group>"; };
		AEF6021112A5B9B000A95FA8 /* Design.png */ = {isa = PBXFileReference; lastKnownFileType = image.png; name = Design.png; path = Images/Design.png; sourceTree = "<group>"; };
		AEF6031B12A5DDB000A95FA8 /* KBLuaActionsData.h */ = {isa = PBXFileReference; fileEncoding = 4; lastKnownFileType = sourcecode.c.h; name = KBLuaActionsData.h; path = Classes/Data/KBLuaActionsData.h; sourceTree = "<group>"; };
		AEF6031C12A5DDB000A95FA8 /* KBLuaActionsData.m */ = {isa = PBXFileReference; fileEncoding = 4; lastKnownFileType = sourcecode.c.objc; name = KBLuaActionsData.m; path = Classes/Data/KBLuaActionsData.m; sourceTree = "<group>"; };
		AEF6031D12A5DDB000A95FA8 /* KBHostmasksData.h */ = {isa = PBXFileReference; fileEncoding = 4; lastKnownFileType = sourcecode.c.h; name = KBHostmasksData.h; path = Classes/Data/KBHostmasksData.h; sourceTree = "<group>"; };
		AEF6031E12A5DDB000A95FA8 /* KBHostmasksData.m */ = {isa = PBXFileReference; fileEncoding = 4; lastKnownFileType = sourcecode.c.objc; name = KBHostmasksData.m; path = Classes/Data/KBHostmasksData.m; sourceTree = "<group>"; };
		AEF604EE12A70A3800A95FA8 /* IRCRooms.h */ = {isa = PBXFileReference; fileEncoding = 4; lastKnownFileType = sourcecode.c.h; name = IRCRooms.h; path = Classes/IRC/IRCRooms.h; sourceTree = "<group>"; };
		AEF604EF12A70A3800A95FA8 /* IRCRooms.m */ = {isa = PBXFileReference; fileEncoding = 4; lastKnownFileType = sourcecode.c.objc; name = IRCRooms.m; path = Classes/IRC/IRCRooms.m; sourceTree = "<group>"; };
		AEF6F79212A1903B00A95FA8 /* Code.png */ = {isa = PBXFileReference; lastKnownFileType = image.png; name = Code.png; path = Images/Code.png; sourceTree = "<group>"; };
		AEF6FCF812A32DF300A95FA8 /* Status_Alert.png */ = {isa = PBXFileReference; lastKnownFileType = image.png; name = Status_Alert.png; path = Images/Status_Alert.png; sourceTree = "<group>"; };
		AEF6FCF912A32DF300A95FA8 /* Status_None.png */ = {isa = PBXFileReference; lastKnownFileType = image.png; name = Status_None.png; path = Images/Status_None.png; sourceTree = "<group>"; };
		AEF6FCFA12A32DF300A95FA8 /* Status_Room.png */ = {isa = PBXFileReference; lastKnownFileType = image.png; name = Status_Room.png; path = Images/Status_Room.png; sourceTree = "<group>"; };
		AEF6FEF912A4657400A95FA8 /* IRCConnection.h */ = {isa = PBXFileReference; fileEncoding = 4; lastKnownFileType = sourcecode.c.h; name = IRCConnection.h; path = Classes/IRC/IRCConnection.h; sourceTree = "<group>"; };
		AEF6FEFA12A4657400A95FA8 /* IRCConnection.m */ = {isa = PBXFileReference; fileEncoding = 4; lastKnownFileType = sourcecode.c.objc; name = IRCConnection.m; path = Classes/IRC/IRCConnection.m; sourceTree = "<group>"; };
		AEF6FEFC12A4657C00A95FA8 /* MainController.h */ = {isa = PBXFileReference; fileEncoding = 4; lastKnownFileType = sourcecode.c.h; name = MainController.h; path = Classes/Controllers/MainController.h; sourceTree = "<group>"; };
		AEF6FEFD12A4657C00A95FA8 /* MainController.m */ = {isa = PBXFileReference; fileEncoding = 4; lastKnownFileType = sourcecode.c.objc; name = MainController.m; path = Classes/Controllers/MainController.m; sourceTree = "<group>"; };
		AEF6FEFE12A4657C00A95FA8 /* PrefController.h */ = {isa = PBXFileReference; fileEncoding = 4; lastKnownFileType = sourcecode.c.h; name = PrefController.h; path = Classes/Controllers/PrefController.h; sourceTree = "<group>"; };
		AEF6FEFF12A4657C00A95FA8 /* PrefController.m */ = {isa = PBXFileReference; fileEncoding = 4; lastKnownFileType = sourcecode.c.objc; name = PrefController.m; path = Classes/Controllers/PrefController.m; sourceTree = "<group>"; };
		AEF6FF0B12A4661600A95FA8 /* IRCRoom.h */ = {isa = PBXFileReference; fileEncoding = 4; lastKnownFileType = sourcecode.c.h; name = IRCRoom.h; path = Classes/IRC/IRCRoom.h; sourceTree = "<group>"; };
		AEF6FF0C12A4661600A95FA8 /* IRCRoom.m */ = {isa = PBXFileReference; fileEncoding = 4; lastKnownFileType = sourcecode.c.objc; name = IRCRoom.m; path = Classes/IRC/IRCRoom.m; sourceTree = "<group>"; };
/* End PBXFileReference section */

/* Begin PBXFrameworksBuildPhase section */
		8D11072E0486CEB800E47090 /* Frameworks */ = {
			isa = PBXFrameworksBuildPhase;
			buildActionMask = 2147483647;
			files = (
				8D11072F0486CEB800E47090 /* Cocoa.framework in Frameworks */,
				AEE5E0AE12408D7A002D2767 /* Carbon.framework in Frameworks */,
				AEE5E0C112408F27002D2767 /* Security.framework in Frameworks */,
				AE0012A312415E4F0049FD63 /* BWToolkitFramework.framework in Frameworks */,
				AEBD9CD11329A132004E0E6B /* LuaCocoa.framework in Frameworks */,
			);
			runOnlyForDeploymentPostprocessing = 0;
		};
/* End PBXFrameworksBuildPhase section */

/* Begin PBXGroup section */
		080E96DDFE201D6D7F000001 /* Classes */ = {
			isa = PBXGroup;
			children = (
				AEF6FF0312A465A900A95FA8 /* Controllers */,
				AEF6FF0212A4659400A95FA8 /* IRC */,
				AE6F6BF212623DEE00FCAFCB /* Data */,
				AEAD727F124002C80028D5A3 /* UserDefaults.h */,
				AEAD7280124002C80028D5A3 /* UserDefaults.m */,
				AEAD7283124002D20028D5A3 /* Includes */,
				AEBB0051123C31C400E6CC21 /* UI */,
			);
			name = Classes;
			sourceTree = "<group>";
		};
		1058C7A0FEA54F0111CA2CBB /* Linked Frameworks */ = {
			isa = PBXGroup;
			children = (
				1058C7A1FEA54F0111CA2CBB /* Cocoa.framework */,
				AEE5E0AD12408D7A002D2767 /* Carbon.framework */,
			);
			name = "Linked Frameworks";
			sourceTree = "<group>";
		};
		1058C7A2FEA54F0111CA2CBB /* Other Frameworks */ = {
			isa = PBXGroup;
			children = (
				29B97324FDCFA39411CA2CEA /* AppKit.framework */,
				13E42FB307B3F0F600E4EEF1 /* CoreData.framework */,
				29B97325FDCFA39411CA2CEA /* Foundation.framework */,
				AEE5E0C012408F27002D2767 /* Security.framework */,
			);
			name = "Other Frameworks";
			sourceTree = "<group>";
		};
		19C28FACFE9D520D11CA2CBB /* Products */ = {
			isa = PBXGroup;
			children = (
				8D1107320486CEB800E47090 /* IRCBot.app */,
			);
			name = Products;
			sourceTree = "<group>";
		};
		29B97314FDCFA39411CA2CEA /* iDroid */ = {
			isa = PBXGroup;
			children = (
				080E96DDFE201D6D7F000001 /* Classes */,
				29B97315FDCFA39411CA2CEA /* Other Sources */,
				29B97317FDCFA39411CA2CEA /* Resources */,
				29B97323FDCFA39411CA2CEA /* Frameworks */,
				19C28FACFE9D520D11CA2CBB /* Products */,
			);
			name = iDroid;
			sourceTree = "<group>";
		};
		29B97315FDCFA39411CA2CEA /* Other Sources */ = {
			isa = PBXGroup;
			children = (
				32CA4F630368D1EE00C91783 /* IRCBot_Prefix.pch */,
				29B97316FDCFA39411CA2CEA /* main.m */,
			);
			name = "Other Sources";
			sourceTree = "<group>";
		};
		29B97317FDCFA39411CA2CEA /* Resources */ = {
			isa = PBXGroup;
			children = (
				AE2A462F12457983004B42CB /* Images */,
				AEB56C5412F76AE7006FEF77 /* IRCBot Actions */,
				AEAD7288124002F20028D5A3 /* AppIcon.icns */,
				8D1107310486CEB800E47090 /* Info.plist */,
				089C165CFE840E0CC02AAC07 /* InfoPlist.strings */,
				29B97318FDCFA39411CA2CEA /* MainMenu.nib */,
				AE2A3B1D124182F5004B42CB /* Credits.html */,
				AE45B16212A083E4008DD726 /* README.md */,
				AE8EBE7D12A0571F00CA3FCE /* License.rtf */,
				AE8EBE7F12A0587800CA3FCE /* Notes */,
			);
			name = Resources;
			sourceTree = "<group>";
		};
		29B97323FDCFA39411CA2CEA /* Frameworks */ = {
			isa = PBXGroup;
			children = (
				1058C7A0FEA54F0111CA2CBB /* Linked Frameworks */,
				1058C7A2FEA54F0111CA2CBB /* Other Frameworks */,
				AE0012A212415E4F0049FD63 /* BWToolkitFramework.framework */,
				AEBD9CD01329A132004E0E6B /* LuaCocoa.framework */,
			);
			name = Frameworks;
			sourceTree = "<group>";
		};
		AE2A462F12457983004B42CB /* Images */ = {
			isa = PBXGroup;
			children = (
				AE5C7E74129B83660080F146 /* Safari TextField */,
				AEF6FCF812A32DF300A95FA8 /* Status_Alert.png */,
				AEF6FCF912A32DF300A95FA8 /* Status_None.png */,
				AEF6FCFA12A32DF300A95FA8 /* Status_Room.png */,
				AE6F6F3F12627FB800FCAFCB /* div.png */,
				AE6F6B8212615BFF00FCAFCB /* User.png */,
				AE6F6B3A12614EDB00FCAFCB /* Preferences.png */,
				AE6F6B3912614EDB00FCAFCB /* Hostmasks.png */,
				AE6F6B971261662100FCAFCB /* Scripts.png */,
				AE0B2B50129E11AF001C789C /* Hat.png */,
				AEAD737812401B3D0028D5A3 /* ircbot_bg.png */,
				AEF6F79212A1903B00A95FA8 /* Code.png */,
				AEF6021112A5B9B000A95FA8 /* Design.png */,
			);
			name = Images;
			sourceTree = "<group>";
		};
		AE5C7E74129B83660080F146 /* Safari TextField */ = {
			isa = PBXGroup;
			children = (
				AE5C7E75129B83660080F146 /* KBSTextFieldCF.png */,
				AE5C7E76129B83660080F146 /* KBSTextFieldCF_disabled.png */,
				AE5C7E77129B83660080F146 /* KBSTextFieldLC.png */,
				AE5C7E78129B83660080F146 /* KBSTextFieldLC_disabled.png */,
				AE5C7E79129B83660080F146 /* KBSTextFieldRC.png */,
				AE5C7E7A129B83660080F146 /* KBSTextFieldRC_disabled.png */,
			);
			name = "Safari TextField";
			path = "Images/Safari TextField";
			sourceTree = "<group>";
		};
		AE6F6BF212623DEE00FCAFCB /* Data */ = {
			isa = PBXGroup;
			children = (
				AEF6031B12A5DDB000A95FA8 /* KBLuaActionsData.h */,
				AEF6031C12A5DDB000A95FA8 /* KBLuaActionsData.m */,
				AE9BAABC1329E2370099B4B9 /* KBLuaAction.h */,
				AE9BAABD1329E2370099B4B9 /* KBLuaAction.m */,
				AEF6031D12A5DDB000A95FA8 /* KBHostmasksData.h */,
				AEF6031E12A5DDB000A95FA8 /* KBHostmasksData.m */,
				AEF6005512A4783E00A95FA8 /* KBAutojoinData.h */,
				AEF6005612A4783E00A95FA8 /* KBAutojoinData.m */,
			);
			name = Data;
			sourceTree = "<group>";
		};
		AE8EBE7F12A0587800CA3FCE /* Notes */ = {
			isa = PBXGroup;
			children = (
				AE8EBE8012A0587800CA3FCE /* Notes.rtf */,
				AE58546812FC8BD800B63ACD /* Todo.rtf */,
				AE8EBE8112A0587800CA3FCE /* ServerOutput.rtf */,
				AEC6FFBF12FB52BF007214B6 /* Backup.rtf */,
			);
			path = Notes;
			sourceTree = "<group>";
		};
		AEAD7283124002D20028D5A3 /* Includes */ = {
			isa = PBXGroup;
			children = (
				AE5CFC411268F1F700C96195 /* RegexKitLite.h */,
				AE5CFC421268F1F700C96195 /* RegexKitLite.m */,
				AEAD7284124002D20028D5A3 /* AsyncSocket.h */,
				AEAD7285124002D20028D5A3 /* AsyncSocket.m */,
				AEE5E0A312408C08002D2767 /* EMKeychainItem.h */,
				AEE5E0A412408C08002D2767 /* EMKeychainItem.m */,
			);
			path = Includes;
			sourceTree = "<group>";
		};
		AEBB0051123C31C400E6CC21 /* UI */ = {
			isa = PBXGroup;
			children = (
				AEBBFFF4123C044E00E6CC21 /* UIController.h */,
				AEBBFFF5123C044E00E6CC21 /* UIController.m */,
				AEBB0068123C31D100E6CC21 /* KBTextField.h */,
				AEBB0069123C31D100E6CC21 /* KBTextField.m */,
				AEBB006A123C31D100E6CC21 /* KBSTextFieldCell.h */,
				AEBB006B123C31D100E6CC21 /* KBSTextFieldCell.m */,
				AE5C7E59129B82560080F146 /* KBScrollView.h */,
				AE5C7E5A129B82560080F146 /* KBScrollView.m */,
				AE5C7E57129B82560080F146 /* KBScroller.h */,
				AE5C7E58129B82560080F146 /* KBScroller.m */,
			);
			name = UI;
			sourceTree = "<group>";
		};
		AEF6FF0212A4659400A95FA8 /* IRC */ = {
			isa = PBXGroup;
			children = (
				AEF6FEF912A4657400A95FA8 /* IRCConnection.h */,
				AEF6FEFA12A4657400A95FA8 /* IRCConnection.m */,
				AEF604EE12A70A3800A95FA8 /* IRCRooms.h */,
				AEF604EF12A70A3800A95FA8 /* IRCRooms.m */,
				AEF6FF0B12A4661600A95FA8 /* IRCRoom.h */,
				AEF6FF0C12A4661600A95FA8 /* IRCRoom.m */,
			);
			name = IRC;
			sourceTree = "<group>";
		};
		AEF6FF0312A465A900A95FA8 /* Controllers */ = {
			isa = PBXGroup;
			children = (
				AEF6FEFC12A4657C00A95FA8 /* MainController.h */,
				AEF6FEFD12A4657C00A95FA8 /* MainController.m */,
				AEF6FEFE12A4657C00A95FA8 /* PrefController.h */,
				AEF6FEFF12A4657C00A95FA8 /* PrefController.m */,
				AEEAEA5C12FD243400EA5D4A /* LuaController.h */,
				AEEAEA5D12FD243400EA5D4A /* LuaController.m */,
			);
			name = Controllers;
			sourceTree = "<group>";
		};
/* End PBXGroup section */

/* Begin PBXNativeTarget section */
		8D1107260486CEB800E47090 /* IRCBot */ = {
			isa = PBXNativeTarget;
			buildConfigurationList = C01FCF4A08A954540054247B /* Build configuration list for PBXNativeTarget "IRCBot" */;
			buildPhases = (
				8D1107290486CEB800E47090 /* Resources */,
				8D11072C0486CEB800E47090 /* Sources */,
				8D11072E0486CEB800E47090 /* Frameworks */,
				AE31D29211DC0A4000EC8786 /* Copy Frameworks */,
			);
			buildRules = (
			);
			dependencies = (
			);
			name = IRCBot;
			productInstallPath = "$(HOME)/Applications";
			productName = iDroid;
			productReference = 8D1107320486CEB800E47090 /* IRCBot.app */;
			productType = "com.apple.product-type.application";
		};
/* End PBXNativeTarget section */

/* Begin PBXProject section */
		29B97313FDCFA39411CA2CEA /* Project object */ = {
			isa = PBXProject;
			buildConfigurationList = C01FCF4E08A954540054247B /* Build configuration list for PBXProject "IRCBot" */;
			compatibilityVersion = "Xcode 3.0";
			hasScannedForEncodings = 1;
			mainGroup = 29B97314FDCFA39411CA2CEA /* iDroid */;
			projectDirPath = "";
			projectRoot = "";
			targets = (
				8D1107260486CEB800E47090 /* IRCBot */,
			);
		};
/* End PBXProject section */

/* Begin PBXResourcesBuildPhase section */
		8D1107290486CEB800E47090 /* Resources */ = {
			isa = PBXResourcesBuildPhase;
			buildActionMask = 2147483647;
			files = (
				8D11072A0486CEB800E47090 /* MainMenu.nib in Resources */,
				8D11072B0486CEB800E47090 /* InfoPlist.strings in Resources */,
				AEAD728A124002F20028D5A3 /* AppIcon.icns in Resources */,
				AEAD737912401B3D0028D5A3 /* ircbot_bg.png in Resources */,
				AE2A3B1E124182F5004B42CB /* Credits.html in Resources */,
				AE6F6B3C12614EDB00FCAFCB /* Hostmasks.png in Resources */,
				AE6F6B3D12614EDB00FCAFCB /* Preferences.png in Resources */,
				AE6F6B8312615BFF00FCAFCB /* User.png in Resources */,
				AE6F6B981261662100FCAFCB /* Scripts.png in Resources */,
				AE6F6F4012627FB800FCAFCB /* div.png in Resources */,
				AE5C7E7B129B83660080F146 /* KBSTextFieldCF.png in Resources */,
				AE5C7E7C129B83660080F146 /* KBSTextFieldCF_disabled.png in Resources */,
				AE5C7E7D129B83660080F146 /* KBSTextFieldLC.png in Resources */,
				AE5C7E7E129B83660080F146 /* KBSTextFieldLC_disabled.png in Resources */,
				AE5C7E7F129B83660080F146 /* KBSTextFieldRC.png in Resources */,
				AE5C7E80129B83660080F146 /* KBSTextFieldRC_disabled.png in Resources */,
				AE0B2B51129E11AF001C789C /* Hat.png in Resources */,
				AE8EBE7E12A0571F00CA3FCE /* License.rtf in Resources */,
				AEF6F79312A1903B00A95FA8 /* Code.png in Resources */,
				AEF6FCFB12A32DF300A95FA8 /* Status_Alert.png in Resources */,
				AEF6FCFC12A32DF300A95FA8 /* Status_None.png in Resources */,
				AEF6FCFD12A32DF300A95FA8 /* Status_Room.png in Resources */,
				AEF6021212A5B9B000A95FA8 /* Design.png in Resources */,
				AEB56C5812F76AE7006FEF77 /* IRCBot Actions in Resources */,
			);
			runOnlyForDeploymentPostprocessing = 0;
		};
/* End PBXResourcesBuildPhase section */

/* Begin PBXSourcesBuildPhase section */
		8D11072C0486CEB800E47090 /* Sources */ = {
			isa = PBXSourcesBuildPhase;
			buildActionMask = 2147483647;
			files = (
				8D11072D0486CEB800E47090 /* main.m in Sources */,
				AEBBFFF8123C044E00E6CC21 /* UIController.m in Sources */,
				AEBB006E123C31D100E6CC21 /* KBTextField.m in Sources */,
				AEBB006F123C31D100E6CC21 /* KBSTextFieldCell.m in Sources */,
				AEAD7282124002C80028D5A3 /* UserDefaults.m in Sources */,
				AEAD7286124002D20028D5A3 /* AsyncSocket.m in Sources */,
				AEE5E0A512408C08002D2767 /* EMKeychainItem.m in Sources */,
				AE5CFC431268F1F700C96195 /* RegexKitLite.m in Sources */,
				AE5C7E5B129B82560080F146 /* KBScroller.m in Sources */,
				AE5C7E5C129B82560080F146 /* KBScrollView.m in Sources */,
				AEF6FEFB12A4657400A95FA8 /* IRCConnection.m in Sources */,
				AEF6FF0012A4657C00A95FA8 /* MainController.m in Sources */,
				AEF6FF0112A4657C00A95FA8 /* PrefController.m in Sources */,
				AEF6FF0D12A4661600A95FA8 /* IRCRoom.m in Sources */,
				AEF6005712A4783E00A95FA8 /* KBAutojoinData.m in Sources */,
				AEF6032112A5DDB000A95FA8 /* KBLuaActionsData.m in Sources */,
				AEF6032212A5DDB000A95FA8 /* KBHostmasksData.m in Sources */,
				AEF604F012A70A3800A95FA8 /* IRCRooms.m in Sources */,
				AEEAEA5E12FD243400EA5D4A /* LuaController.m in Sources */,
				AE9BAABE1329E2370099B4B9 /* KBLuaAction.m in Sources */,
			);
			runOnlyForDeploymentPostprocessing = 0;
		};
/* End PBXSourcesBuildPhase section */

/* Begin PBXVariantGroup section */
		089C165CFE840E0CC02AAC07 /* InfoPlist.strings */ = {
			isa = PBXVariantGroup;
			children = (
				089C165DFE840E0CC02AAC07 /* English */,
			);
			name = InfoPlist.strings;
			sourceTree = "<group>";
		};
		29B97318FDCFA39411CA2CEA /* MainMenu.nib */ = {
			isa = PBXVariantGroup;
			children = (
				29B97319FDCFA39411CA2CEA /* English */,
			);
			name = MainMenu.nib;
			sourceTree = "<group>";
		};
/* End PBXVariantGroup section */

/* Begin XCBuildConfiguration section */
		C01FCF4B08A954540054247B /* Debug */ = {
			isa = XCBuildConfiguration;
			buildSettings = {
				COPY_PHASE_STRIP = NO;
				FRAMEWORK_SEARCH_PATHS = (
					"$(inherited)",
					"\"$(DEVELOPER_FRAMEWORKS_DIR)\"",
					"\"$(SRCROOT)/Includes\"",
				);
				GCC_DYNAMIC_NO_PIC = NO;
				GCC_ENABLE_FIX_AND_CONTINUE = YES;
				GCC_MODEL_TUNING = G5;
				GCC_OPTIMIZATION_LEVEL = 0;
				GCC_PRECOMPILE_PREFIX_HEADER = YES;
				GCC_PREFIX_HEADER = IRCBot_Prefix.pch;
				GCC_VERSION = 4.2;
				INFOPLIST_FILE = Info.plist;
				INSTALL_PATH = "$(HOME)/Applications";
				LD_RUNPATH_SEARCH_PATHS = "@loader_path/../Frameworks";
				OTHER_CFLAGS = "-Wall";
				PRODUCT_NAME = IRCBot;
				WRAPPER_EXTENSION = app;
				ZERO_LINK = YES;
			};
			name = Debug;
		};
		C01FCF4C08A954540054247B /* Release */ = {
			isa = XCBuildConfiguration;
			buildSettings = {
				DEBUG_INFORMATION_FORMAT = "dwarf-with-dsym";
				FRAMEWORK_SEARCH_PATHS = (
					"$(inherited)",
					"\"$(DEVELOPER_FRAMEWORKS_DIR)\"",
					"\"$(SRCROOT)/Includes\"",
				);
				GCC_MODEL_TUNING = G5;
				GCC_PRECOMPILE_PREFIX_HEADER = YES;
				GCC_PREFIX_HEADER = IRCBot_Prefix.pch;
				INFOPLIST_FILE = Info.plist;
				INSTALL_PATH = "$(HOME)/Applications";
				PRODUCT_NAME = IRCBot;
				WRAPPER_EXTENSION = app;
			};
			name = Release;
		};
		C01FCF4F08A954540054247B /* Debug */ = {
			isa = XCBuildConfiguration;
			buildSettings = {
				GCC_WARN_ABOUT_RETURN_TYPE = YES;
				GCC_WARN_UNUSED_VARIABLE = YES;
				OTHER_LDFLAGS = "-licucore";
				PREBINDING = NO;
				SDKROOT = "$(DEVELOPER_SDK_DIR)/MacOSX10.5.sdk";
			};
			name = Debug;
		};
		C01FCF5008A954540054247B /* Release */ = {
			isa = XCBuildConfiguration;
			buildSettings = {
				ARCHS = (
					ppc,
					i386,
				);
				GCC_WARN_ABOUT_RETURN_TYPE = YES;
				GCC_WARN_UNUSED_VARIABLE = YES;
				PREBINDING = NO;
				SDKROOT = "$(DEVELOPER_SDK_DIR)/MacOSX10.5.sdk";
			};
			name = Release;
		};
/* End XCBuildConfiguration section */

/* Begin XCConfigurationList section */
		C01FCF4A08A954540054247B /* Build configuration list for PBXNativeTarget "IRCBot" */ = {
			isa = XCConfigurationList;
			buildConfigurations = (
				C01FCF4B08A954540054247B /* Debug */,
				C01FCF4C08A954540054247B /* Release */,
			);
			defaultConfigurationIsVisible = 0;
			defaultConfigurationName = Release;
		};
		C01FCF4E08A954540054247B /* Build configuration list for PBXProject "IRCBot" */ = {
			isa = XCConfigurationList;
			buildConfigurations = (
				C01FCF4F08A954540054247B /* Debug */,
				C01FCF5008A954540054247B /* Release */,
			);
			defaultConfigurationIsVisible = 0;
			defaultConfigurationName = Release;
		};
/* End XCConfigurationList section */
	};
	rootObject = 29B97313FDCFA39411CA2CEA /* Project object */;
}
